// !$*UTF8*$!
{
	archiveVersion = 1;
	classes = {
	};
	objectVersion = 46;
	objects = {

/* Begin PBXBuildFile section */
		88BEE6441B73DC0300DD0D6A /* main.m in Sources */ = {isa = PBXBuildFile; fileRef = 88BEE6431B73DC0300DD0D6A /* main.m */; };
		88BEE6471B73DC0300DD0D6A /* AppDelegate.m in Sources */ = {isa = PBXBuildFile; fileRef = 88BEE6461B73DC0300DD0D6A /* AppDelegate.m */; };
		88BEE64A1B73DC0300DD0D6A /* ViewController.m in Sources */ = {isa = PBXBuildFile; fileRef = 88BEE6491B73DC0300DD0D6A /* ViewController.m */; };
		88BEE64D1B73DC0300DD0D6A /* Main.storyboard in Resources */ = {isa = PBXBuildFile; fileRef = 88BEE64B1B73DC0300DD0D6A /* Main.storyboard */; };
		88BEE64F1B73DC0300DD0D6A /* Images.xcassets in Resources */ = {isa = PBXBuildFile; fileRef = 88BEE64E1B73DC0300DD0D6A /* Images.xcassets */; };
		88BEE6521B73DC0300DD0D6A /* LaunchScreen.xib in Resources */ = {isa = PBXBuildFile; fileRef = 88BEE6501B73DC0300DD0D6A /* LaunchScreen.xib */; };
		88BEE65E1B73DC0300DD0D6A /* AgvtoolTestTests.m in Sources */ = {isa = PBXBuildFile; fileRef = 88BEE65D1B73DC0300DD0D6A /* AgvtoolTestTests.m */; };
/* End PBXBuildFile section */

/* Begin PBXContainerItemProxy section */
		88BEE6581B73DC0300DD0D6A /* PBXContainerItemProxy */ = {
			isa = PBXContainerItemProxy;
			containerPortal = 88BEE6361B73DC0300DD0D6A /* Project object */;
			proxyType = 1;
			remoteGlobalIDString = 88BEE63D1B73DC0300DD0D6A;
			remoteInfo = AgvtoolTest;
		};
/* End PBXContainerItemProxy section */

/* Begin PBXFileReference section */
		88BEE63E1B73DC0300DD0D6A /* AgvtoolTest.app */ = {isa = PBXFileReference; explicitFileType = wrapper.application; includeInIndex = 0; path = AgvtoolTest.app; sourceTree = BUILT_PRODUCTS_DIR; };
		88BEE6421B73DC0300DD0D6A /* Info.plist */ = {isa = PBXFileReference; lastKnownFileType = text.plist.xml; path = Info.plist; sourceTree = "<group>"; };
		88BEE6431B73DC0300DD0D6A /* main.m */ = {isa = PBXFileReference; lastKnownFileType = sourcecode.c.objc; path = main.m; sourceTree = "<group>"; };
		88BEE6451B73DC0300DD0D6A /* AppDelegate.h */ = {isa = PBXFileReference; lastKnownFileType = sourcecode.c.h; path = AppDelegate.h; sourceTree = "<group>"; };
		88BEE6461B73DC0300DD0D6A /* AppDelegate.m */ = {isa = PBXFileReference; lastKnownFileType = sourcecode.c.objc; path = AppDelegate.m; sourceTree = "<group>"; };
		88BEE6481B73DC0300DD0D6A /* ViewController.h */ = {isa = PBXFileReference; lastKnownFileType = sourcecode.c.h; path = ViewController.h; sourceTree = "<group>"; };
		88BEE6491B73DC0300DD0D6A /* ViewController.m */ = {isa = PBXFileReference; lastKnownFileType = sourcecode.c.objc; path = ViewController.m; sourceTree = "<group>"; };
		88BEE64C1B73DC0300DD0D6A /* Base */ = {isa = PBXFileReference; lastKnownFileType = file.storyboard; name = Base; path = Base.lproj/Main.storyboard; sourceTree = "<group>"; };
		88BEE64E1B73DC0300DD0D6A /* Images.xcassets */ = {isa = PBXFileReference; lastKnownFileType = folder.assetcatalog; path = Images.xcassets; sourceTree = "<group>"; };
		88BEE6511B73DC0300DD0D6A /* Base */ = {isa = PBXFileReference; lastKnownFileType = file.xib; name = Base; path = Base.lproj/LaunchScreen.xib; sourceTree = "<group>"; };
		88BEE6571B73DC0300DD0D6A /* AgvtoolTestTests.xctest */ = {isa = PBXFileReference; explicitFileType = wrapper.cfbundle; includeInIndex = 0; path = AgvtoolTestTests.xctest; sourceTree = BUILT_PRODUCTS_DIR; };
		88BEE65C1B73DC0300DD0D6A /* Info.plist */ = {isa = PBXFileReference; lastKnownFileType = text.plist.xml; path = Info.plist; sourceTree = "<group>"; };
		88BEE65D1B73DC0300DD0D6A /* AgvtoolTestTests.m */ = {isa = PBXFileReference; lastKnownFileType = sourcecode.c.objc; path = AgvtoolTestTests.m; sourceTree = "<group>"; };
/* End PBXFileReference section */

/* Begin PBXFrameworksBuildPhase section */
		88BEE63B1B73DC0300DD0D6A /* Frameworks */ = {
			isa = PBXFrameworksBuildPhase;
			buildActionMask = 2147483647;
			files = (
			);
			runOnlyForDeploymentPostprocessing = 0;
		};
		88BEE6541B73DC0300DD0D6A /* Frameworks */ = {
			isa = PBXFrameworksBuildPhase;
			buildActionMask = 2147483647;
			files = (
			);
			runOnlyForDeploymentPostprocessing = 0;
		};
/* End PBXFrameworksBuildPhase section */

/* Begin PBXGroup section */
		88BEE6351B73DC0300DD0D6A = {
			isa = PBXGroup;
			children = (
				88BEE6401B73DC0300DD0D6A /* AgvtoolTest */,
				88BEE65A1B73DC0300DD0D6A /* AgvtoolTestTests */,
				88BEE63F1B73DC0300DD0D6A /* Products */,
			);
			sourceTree = "<group>";
		};
		88BEE63F1B73DC0300DD0D6A /* Products */ = {
			isa = PBXGroup;
			children = (
				88BEE63E1B73DC0300DD0D6A /* AgvtoolTest.app */,
				88BEE6571B73DC0300DD0D6A /* AgvtoolTestTests.xctest */,
			);
			name = Products;
			sourceTree = "<group>";
		};
		88BEE6401B73DC0300DD0D6A /* AgvtoolTest */ = {
			isa = PBXGroup;
			children = (
				88BEE6451B73DC0300DD0D6A /* AppDelegate.h */,
				88BEE6461B73DC0300DD0D6A /* AppDelegate.m */,
				88BEE6481B73DC0300DD0D6A /* ViewController.h */,
				88BEE6491B73DC0300DD0D6A /* ViewController.m */,
				88BEE64B1B73DC0300DD0D6A /* Main.storyboard */,
				88BEE64E1B73DC0300DD0D6A /* Images.xcassets */,
				88BEE6501B73DC0300DD0D6A /* LaunchScreen.xib */,
				88BEE6411B73DC0300DD0D6A /* Supporting Files */,
			);
			path = AgvtoolTest;
			sourceTree = "<group>";
		};
		88BEE6411B73DC0300DD0D6A /* Supporting Files */ = {
			isa = PBXGroup;
			children = (
				88BEE6421B73DC0300DD0D6A /* Info.plist */,
				88BEE6431B73DC0300DD0D6A /* main.m */,
			);
			name = "Supporting Files";
			sourceTree = "<group>";
		};
		88BEE65A1B73DC0300DD0D6A /* AgvtoolTestTests */ = {
			isa = PBXGroup;
			children = (
				88BEE65D1B73DC0300DD0D6A /* AgvtoolTestTests.m */,
				88BEE65B1B73DC0300DD0D6A /* Supporting Files */,
			);
			path = AgvtoolTestTests;
			sourceTree = "<group>";
		};
		88BEE65B1B73DC0300DD0D6A /* Supporting Files */ = {
			isa = PBXGroup;
			children = (
				88BEE65C1B73DC0300DD0D6A /* Info.plist */,
			);
			name = "Supporting Files";
			sourceTree = "<group>";
		};
/* End PBXGroup section */

/* Begin PBXNativeTarget section */
		88BEE63D1B73DC0300DD0D6A /* AgvtoolTest */ = {
			isa = PBXNativeTarget;
			buildConfigurationList = 88BEE6611B73DC0300DD0D6A /* Build configuration list for PBXNativeTarget "AgvtoolTest" */;
			buildPhases = (
				88BEE63A1B73DC0300DD0D6A /* Sources */,
				88BEE63B1B73DC0300DD0D6A /* Frameworks */,
				88BEE63C1B73DC0300DD0D6A /* Resources */,
			);
			buildRules = (
			);
			dependencies = (
			);
			name = AgvtoolTest;
			productName = AgvtoolTest;
			productReference = 88BEE63E1B73DC0300DD0D6A /* AgvtoolTest.app */;
			productType = "com.apple.product-type.application";
		};
		88BEE6561B73DC0300DD0D6A /* AgvtoolTestTests */ = {
			isa = PBXNativeTarget;
			buildConfigurationList = 88BEE6641B73DC0300DD0D6A /* Build configuration list for PBXNativeTarget "AgvtoolTestTests" */;
			buildPhases = (
				88BEE6531B73DC0300DD0D6A /* Sources */,
				88BEE6541B73DC0300DD0D6A /* Frameworks */,
				88BEE6551B73DC0300DD0D6A /* Resources */,
			);
			buildRules = (
			);
			dependencies = (
				88BEE6591B73DC0300DD0D6A /* PBXTargetDependency */,
			);
			name = AgvtoolTestTests;
			productName = AgvtoolTestTests;
			productReference = 88BEE6571B73DC0300DD0D6A /* AgvtoolTestTests.xctest */;
			productType = "com.apple.product-type.bundle.unit-test";
		};
/* End PBXNativeTarget section */

/* Begin PBXProject section */
		88BEE6361B73DC0300DD0D6A /* Project object */ = {
			isa = PBXProject;
			attributes = {
				LastUpgradeCheck = 0640;
				ORGANIZATIONNAME = "travis holt";
				TargetAttributes = {
					88BEE63D1B73DC0300DD0D6A = {
						CreatedOnToolsVersion = 6.4;
					};
					88BEE6561B73DC0300DD0D6A = {
						CreatedOnToolsVersion = 6.4;
						TestTargetID = 88BEE63D1B73DC0300DD0D6A;
					};
				};
			};
			buildConfigurationList = 88BEE6391B73DC0300DD0D6A /* Build configuration list for PBXProject "AgvtoolTest" */;
			compatibilityVersion = "Xcode 3.2";
			developmentRegion = English;
			hasScannedForEncodings = 0;
			knownRegions = (
				en,
				Base,
			);
			mainGroup = 88BEE6351B73DC0300DD0D6A;
			productRefGroup = 88BEE63F1B73DC0300DD0D6A /* Products */;
			projectDirPath = "";
			projectRoot = "";
			targets = (
				88BEE63D1B73DC0300DD0D6A /* AgvtoolTest */,
				88BEE6561B73DC0300DD0D6A /* AgvtoolTestTests */,
			);
		};
/* End PBXProject section */

/* Begin PBXResourcesBuildPhase section */
		88BEE63C1B73DC0300DD0D6A /* Resources */ = {
			isa = PBXResourcesBuildPhase;
			buildActionMask = 2147483647;
			files = (
				88BEE64D1B73DC0300DD0D6A /* Main.storyboard in Resources */,
				88BEE6521B73DC0300DD0D6A /* LaunchScreen.xib in Resources */,
				88BEE64F1B73DC0300DD0D6A /* Images.xcassets in Resources */,
			);
			runOnlyForDeploymentPostprocessing = 0;
		};
		88BEE6551B73DC0300DD0D6A /* Resources */ = {
			isa = PBXResourcesBuildPhase;
			buildActionMask = 2147483647;
			files = (
			);
			runOnlyForDeploymentPostprocessing = 0;
		};
/* End PBXResourcesBuildPhase section */

/* Begin PBXSourcesBuildPhase section */
		88BEE63A1B73DC0300DD0D6A /* Sources */ = {
			isa = PBXSourcesBuildPhase;
			buildActionMask = 2147483647;
			files = (
				88BEE64A1B73DC0300DD0D6A /* ViewController.m in Sources */,
				88BEE6471B73DC0300DD0D6A /* AppDelegate.m in Sources */,
				88BEE6441B73DC0300DD0D6A /* main.m in Sources */,
			);
			runOnlyForDeploymentPostprocessing = 0;
		};
		88BEE6531B73DC0300DD0D6A /* Sources */ = {
			isa = PBXSourcesBuildPhase;
			buildActionMask = 2147483647;
			files = (
				88BEE65E1B73DC0300DD0D6A /* AgvtoolTestTests.m in Sources */,
			);
			runOnlyForDeploymentPostprocessing = 0;
		};
/* End PBXSourcesBuildPhase section */

/* Begin PBXTargetDependency section */
		88BEE6591B73DC0300DD0D6A /* PBXTargetDependency */ = {
			isa = PBXTargetDependency;
			target = 88BEE63D1B73DC0300DD0D6A /* AgvtoolTest */;
			targetProxy = 88BEE6581B73DC0300DD0D6A /* PBXContainerItemProxy */;
		};
/* End PBXTargetDependency section */

/* Begin PBXVariantGroup section */
		88BEE64B1B73DC0300DD0D6A /* Main.storyboard */ = {
			isa = PBXVariantGroup;
			children = (
				88BEE64C1B73DC0300DD0D6A /* Base */,
			);
			name = Main.storyboard;
			sourceTree = "<group>";
		};
		88BEE6501B73DC0300DD0D6A /* LaunchScreen.xib */ = {
			isa = PBXVariantGroup;
			children = (
				88BEE6511B73DC0300DD0D6A /* Base */,
			);
			name = LaunchScreen.xib;
			sourceTree = "<group>";
		};
/* End PBXVariantGroup section */

/* Begin XCBuildConfiguration section */
		88BEE65F1B73DC0300DD0D6A /* Debug */ = {
			isa = XCBuildConfiguration;
			buildSettings = {
				ALWAYS_SEARCH_USER_PATHS = NO;
				CLANG_CXX_LANGUAGE_STANDARD = "gnu++0x";
				CLANG_CXX_LIBRARY = "libc++";
				CLANG_ENABLE_MODULES = YES;
				CLANG_ENABLE_OBJC_ARC = YES;
				CLANG_WARN_BOOL_CONVERSION = YES;
				CLANG_WARN_CONSTANT_CONVERSION = YES;
				CLANG_WARN_DIRECT_OBJC_ISA_USAGE = YES_ERROR;
				CLANG_WARN_EMPTY_BODY = YES;
				CLANG_WARN_ENUM_CONVERSION = YES;
				CLANG_WARN_INT_CONVERSION = YES;
				CLANG_WARN_OBJC_ROOT_CLASS = YES_ERROR;
				CLANG_WARN_UNREACHABLE_CODE = YES;
				CLANG_WARN__DUPLICATE_METHOD_MATCH = YES;
				"CODE_SIGN_IDENTITY[sdk=iphoneos*]" = "iPhone Developer";
				COPY_PHASE_STRIP = NO;
				DEBUG_INFORMATION_FORMAT = "dwarf-with-dsym";
				ENABLE_STRICT_OBJC_MSGSEND = YES;
				GCC_C_LANGUAGE_STANDARD = gnu99;
				GCC_DYNAMIC_NO_PIC = NO;
				GCC_NO_COMMON_BLOCKS = YES;
				GCC_OPTIMIZATION_LEVEL = 0;
				GCC_PREPROCESSOR_DEFINITIONS = (
					"DEBUG=1",
					"$(inherited)",
				);
				GCC_SYMBOLS_PRIVATE_EXTERN = NO;
				GCC_WARN_64_TO_32_BIT_CONVERSION = YES;
				GCC_WARN_ABOUT_RETURN_TYPE = YES_ERROR;
				GCC_WARN_UNDECLARED_SELECTOR = YES;
				GCC_WARN_UNINITIALIZED_AUTOS = YES_AGGRESSIVE;
				GCC_WARN_UNUSED_FUNCTION = YES;
				GCC_WARN_UNUSED_VARIABLE = YES;
				IPHONEOS_DEPLOYMENT_TARGET = 8.4;
				MTL_ENABLE_DEBUG_INFO = YES;
				ONLY_ACTIVE_ARCH = YES;
				SDKROOT = iphoneos;
			};
			name = Debug;
		};
		88BEE6601B73DC0300DD0D6A /* Release */ = {
			isa = XCBuildConfiguration;
			buildSettings = {
				ALWAYS_SEARCH_USER_PATHS = NO;
				CLANG_CXX_LANGUAGE_STANDARD = "gnu++0x";
				CLANG_CXX_LIBRARY = "libc++";
				CLANG_ENABLE_MODULES = YES;
				CLANG_ENABLE_OBJC_ARC = YES;
				CLANG_WARN_BOOL_CONVERSION = YES;
				CLANG_WARN_CONSTANT_CONVERSION = YES;
				CLANG_WARN_DIRECT_OBJC_ISA_USAGE = YES_ERROR;
				CLANG_WARN_EMPTY_BODY = YES;
				CLANG_WARN_ENUM_CONVERSION = YES;
				CLANG_WARN_INT_CONVERSION = YES;
				CLANG_WARN_OBJC_ROOT_CLASS = YES_ERROR;
				CLANG_WARN_UNREACHABLE_CODE = YES;
				CLANG_WARN__DUPLICATE_METHOD_MATCH = YES;
				"CODE_SIGN_IDENTITY[sdk=iphoneos*]" = "iPhone Developer";
				COPY_PHASE_STRIP = NO;
				DEBUG_INFORMATION_FORMAT = "dwarf-with-dsym";
				ENABLE_NS_ASSERTIONS = NO;
				ENABLE_STRICT_OBJC_MSGSEND = YES;
				GCC_C_LANGUAGE_STANDARD = gnu99;
				GCC_NO_COMMON_BLOCKS = YES;
				GCC_WARN_64_TO_32_BIT_CONVERSION = YES;
				GCC_WARN_ABOUT_RETURN_TYPE = YES_ERROR;
				GCC_WARN_UNDECLARED_SELECTOR = YES;
				GCC_WARN_UNINITIALIZED_AUTOS = YES_AGGRESSIVE;
				GCC_WARN_UNUSED_FUNCTION = YES;
				GCC_WARN_UNUSED_VARIABLE = YES;
				IPHONEOS_DEPLOYMENT_TARGET = 8.4;
				MTL_ENABLE_DEBUG_INFO = NO;
				SDKROOT = iphoneos;
				VALIDATE_PRODUCT = YES;
			};
			name = Release;
		};
		88BEE6621B73DC0300DD0D6A /* Debug */ = {
			isa = XCBuildConfiguration;
			buildSettings = {
				ASSETCATALOG_COMPILER_APPICON_NAME = AppIcon;
				CURRENT_PROJECT_VERSION = 7;
				INFOPLIST_FILE = AgvtoolTest/Info.plist;
				LD_RUNPATH_SEARCH_PATHS = "$(inherited) @executable_path/Frameworks";
				PRODUCT_NAME = "$(TARGET_NAME)";
				VERSIONING_SYSTEM = "";
			};
			name = Debug;
		};
		88BEE6631B73DC0300DD0D6A /* Release */ = {
			isa = XCBuildConfiguration;
			buildSettings = {
				ASSETCATALOG_COMPILER_APPICON_NAME = AppIcon;
				CURRENT_PROJECT_VERSION = 7;
				INFOPLIST_FILE = AgvtoolTest/Info.plist;
				LD_RUNPATH_SEARCH_PATHS = "$(inherited) @executable_path/Frameworks";
				PRODUCT_NAME = "$(TARGET_NAME)";
				VERSIONING_SYSTEM = "";
			};
			name = Release;
		};
		88BEE6651B73DC0300DD0D6A /* Debug */ = {
			isa = XCBuildConfiguration;
			buildSettings = {
				BUNDLE_LOADER = "$(TEST_HOST)";
				FRAMEWORK_SEARCH_PATHS = (
					"$(SDKROOT)/Developer/Library/Frameworks",
					"$(inherited)",
				);
				GCC_PREPROCESSOR_DEFINITIONS = (
					"DEBUG=1",
					"$(inherited)",
				);
				INFOPLIST_FILE = AgvtoolTestTests/Info.plist;
				LD_RUNPATH_SEARCH_PATHS = "$(inherited) @executable_path/Frameworks @loader_path/Frameworks";
				PRODUCT_NAME = "$(TARGET_NAME)";
				TEST_HOST = "$(BUILT_PRODUCTS_DIR)/AgvtoolTest.app/AgvtoolTest";
			};
			name = Debug;
		};
		88BEE6661B73DC0300DD0D6A /* Release */ = {
			isa = XCBuildConfiguration;
			buildSettings = {
				BUNDLE_LOADER = "$(TEST_HOST)";
				FRAMEWORK_SEARCH_PATHS = (
					"$(SDKROOT)/Developer/Library/Frameworks",
					"$(inherited)",
				);
				INFOPLIST_FILE = AgvtoolTestTests/Info.plist;
				LD_RUNPATH_SEARCH_PATHS = "$(inherited) @executable_path/Frameworks @loader_path/Frameworks";
				PRODUCT_NAME = "$(TARGET_NAME)";
				TEST_HOST = "$(BUILT_PRODUCTS_DIR)/AgvtoolTest.app/AgvtoolTest";
			};
			name = Release;
		};
/* End XCBuildConfiguration section */

/* Begin XCConfigurationList section */
		88BEE6391B73DC0300DD0D6A /* Build configuration list for PBXProject "AgvtoolTest" */ = {
			isa = XCConfigurationList;
			buildConfigurations = (
				88BEE65F1B73DC0300DD0D6A /* Debug */,
				88BEE6601B73DC0300DD0D6A /* Release */,
			);
			defaultConfigurationIsVisible = 0;
			defaultConfigurationName = Release;
		};
		88BEE6611B73DC0300DD0D6A /* Build configuration list for PBXNativeTarget "AgvtoolTest" */ = {
			isa = XCConfigurationList;
			buildConfigurations = (
				88BEE6621B73DC0300DD0D6A /* Debug */,
				88BEE6631B73DC0300DD0D6A /* Release */,
			);
			defaultConfigurationIsVisible = 0;
			defaultConfigurationName = Release;
		};
		88BEE6641B73DC0300DD0D6A /* Build configuration list for PBXNativeTarget "AgvtoolTestTests" */ = {
			isa = XCConfigurationList;
			buildConfigurations = (
				88BEE6651B73DC0300DD0D6A /* Debug */,
				88BEE6661B73DC0300DD0D6A /* Release */,
			);
			defaultConfigurationIsVisible = 0;
			defaultConfigurationName = Release;
		};
/* End XCConfigurationList section */
	};
	rootObject = 88BEE6361B73DC0300DD0D6A /* Project object */;
}
